{
  "name": "credibanco-app",
  "version": "1.0.0",
  "lockfileVersion": 3,
  "requires": true,
  "packages": {
    "": {
      "name": "credibanco-app",
      "version": "1.0.0",
      "dependencies": {
        "express": "^4.18.2"
      },
      "devDependencies": {
        "jest": "^29.5.0",
        "eslint": "^8.40.0",
        "supertest": "^6.3.3"
      }
    },
    "node_modules/express": {
      "version": "4.18.2",
      "resolved": "https://registry.npmjs.org/express/-/express-4.18.2.tgz",
      "integrity": "sha512-5/PsL6iGPdfQ/lKM1UuYUGaI3/ip4qButQFQ+F0BP3d9FlPVJUq0o2t0Cqr1cJVq82FJXwOMlcc7qlVoAMRFrw==",
      "dependencies": {
        "body-parser": "1.20.1",
        "content-disposition": "0.5.4",
        "content-type": "~1.0.4",
        "cookie": "0.5.0",
        "cookie-signature": "1.0.6",
        "debug": "2.6.9",
        "depd": "2.0.0",
        "encodeurl": "~1.0.2",
        "escape-html": "~1.0.3",
        "etag": "~1.8.1",
        "finalhandler": "1.2.0",
        "fresh": "0.5.2",
        "http-errors": "2.0.0",
        "merge-descriptors": "1.0.1",
        "methods": "~1.1.2",
        "on-finished": "2.4.1",
        "parseurl": "~1.3.3",
        "path-to-regexp": "0.1.7",
        "proxy-addr": "~2.0.7",
        "qs": "6.11.0",
        "range-parser": "~1.2.1",
        "safe-buffer": "5.2.1",
        "send": "0.18.0",
        "serve-static": "1.15.0",
        "setprototypeof": "1.2.0",
        "statuses": "2.0.1",
        "type-is": "~1.6.18",
        "utils-merge": "1.0.1",
        "vary": "~1.1.2"
      },
      "engines": {
        "node": ">= 0.10.0"
      }
    },
    "node_modules/jest": {
      "version": "29.5.0",
      "resolved": "https://registry.npmjs.org/jest/-/jest-29.5.0.tgz",
      "integrity": "sha512-juRi4O+0DkU3rnvO1Xs2XwIAPcKJpvjBPVrY0ASF6lnK6i6rVK0DGCLxWqXqrn0d4D7TGP3oFpQUXE1hTBiBNg==",
      "dev": true,
      "dependencies": {
        "@jest/core": "^29.5.0",
        "import-local": "^3.1.0",
        "jest-cli": "^29.5.0"
      },
      "bin": {
        "jest": "bin/jest.js"
      },
      "engines": {
        "node": "^14.15.0 || ^16.10.0 || >=18.0.0"
      }
    },
    "node_modules/eslint": {
      "version": "8.40.0",
      "resolved": "https://registry.npmjs.org/eslint/-/eslint-8.40.0.tgz",
      "integrity": "sha512-bvR+TsP9EHL3TqNtj9QgA8QGlF4URJLWER472ht6LxNJXcWV6CM4NG4B3BfsEsLkWYKHowl2gvA/i1g0XHkzhw==",
      "dev": true,
      "engines": {
        "node": "^12.22.0 || ^14.17.0 || ^16.0.0 || >=18.0.0"
      }
    },
    "node_modules/supertest": {
      "version": "6.3.3",
      "resolved": "https://registry.npmjs.org/supertest/-/supertest-6.3.3.tgz",
      "integrity": "sha512-z6/NzuC2K5tPEp5dt9d5aYvHXyoCs0oBzrHt2IndexAut2TAcWIf3bBEQVV3r5IOMpE39otI+CFzz4ThJmeure==",
      "dev": true,
      "dependencies": {
        "methods": "^1.1.2",
        "node-forge": "^1.3.1",
        "parseurl": "^1.3.3",
        "qs": "^6.11.0"
      },
      "engines": {
        "node": ">= 6.4.0"
      }
    }
  }
}
